# This file is automatically @generated by Cargo.
# It is not intended for manual editing.
[[package]]
name = "bitflags"
version = "1.2.1"
source = "registry+https://github.com/rust-lang/crates.io-index"

[[package]]
name = "clap"
version = "2.33.0"
source = "registry+https://github.com/rust-lang/crates.io-index"
dependencies = [
 "bitflags 1.2.1 (registry+https://github.com/rust-lang/crates.io-index)",
 "textwrap 0.11.0 (registry+https://github.com/rust-lang/crates.io-index)",
 "unicode-width 0.1.7 (registry+https://github.com/rust-lang/crates.io-index)",
]

[[package]]
name = "dtoa"
version = "0.4.5"
source = "registry+https://github.com/rust-lang/crates.io-index"

[[package]]
name = "itoa"
version = "0.4.5"
source = "registry+https://github.com/rust-lang/crates.io-index"

[[package]]
name = "linked-hash-map"
version = "0.5.3"
source = "registry+https://github.com/rust-lang/crates.io-index"

[[package]]
name = "proc-macro2"
version = "1.0.12"
source = "registry+https://github.com/rust-lang/crates.io-index"
dependencies = [
 "unicode-xid 0.2.0 (registry+https://github.com/rust-lang/crates.io-index)",
]

[[package]]
name = "pypiscript"
version = "0.1.0"
dependencies = [
 "scriptworker_script 0.1.0",
 "serde 1.0.110 (registry+https://github.com/rust-lang/crates.io-index)",
 "serde_derive 1.0.110 (registry+https://github.com/rust-lang/crates.io-index)",
]

[[package]]
name = "quote"
version = "1.0.4"
source = "registry+https://github.com/rust-lang/crates.io-index"
dependencies = [
 "proc-macro2 1.0.12 (registry+https://github.com/rust-lang/crates.io-index)",
]

[[package]]
name = "ryu"
version = "1.0.4"
source = "registry+https://github.com/rust-lang/crates.io-index"

[[package]]
name = "scriptworker_script"
version = "0.1.0"
dependencies = [
 "clap 2.33.0 (registry+https://github.com/rust-lang/crates.io-index)",
 "scriptworker_script_macros 0.1.0",
 "serde 1.0.110 (registry+https://github.com/rust-lang/crates.io-index)",
 "serde_derive 1.0.110 (registry+https://github.com/rust-lang/crates.io-index)",
 "serde_json 1.0.53 (registry+https://github.com/rust-lang/crates.io-index)",
 "serde_yaml 0.8.12 (registry+https://github.com/rust-lang/crates.io-index)",
]

[[package]]
name = "scriptworker_script_macros"
version = "0.1.0"
dependencies = [
 "quote 1.0.4 (registry+https://github.com/rust-lang/crates.io-index)",
 "syn 1.0.19 (registry+https://github.com/rust-lang/crates.io-index)",
]

[[package]]
name = "serde"
version = "1.0.110"
source = "registry+https://github.com/rust-lang/crates.io-index"

[[package]]
name = "serde_derive"
version = "1.0.110"
source = "registry+https://github.com/rust-lang/crates.io-index"
dependencies = [
 "proc-macro2 1.0.12 (registry+https://github.com/rust-lang/crates.io-index)",
 "quote 1.0.4 (registry+https://github.com/rust-lang/crates.io-index)",
 "syn 1.0.19 (registry+https://github.com/rust-lang/crates.io-index)",
]

[[package]]
name = "serde_json"
version = "1.0.53"
source = "registry+https://github.com/rust-lang/crates.io-index"
dependencies = [
 "itoa 0.4.5 (registry+https://github.com/rust-lang/crates.io-index)",
 "ryu 1.0.4 (registry+https://github.com/rust-lang/crates.io-index)",
 "serde 1.0.110 (registry+https://github.com/rust-lang/crates.io-index)",
]

[[package]]
name = "serde_yaml"
version = "0.8.12"
source = "registry+https://github.com/rust-lang/crates.io-index"
dependencies = [
 "dtoa 0.4.5 (registry+https://github.com/rust-lang/crates.io-index)",
 "linked-hash-map 0.5.3 (registry+https://github.com/rust-lang/crates.io-index)",
 "serde 1.0.110 (registry+https://github.com/rust-lang/crates.io-index)",
 "yaml-rust 0.4.3 (registry+https://github.com/rust-lang/crates.io-index)",
]

[[package]]
name = "syn"
version = "1.0.19"
source = "registry+https://github.com/rust-lang/crates.io-index"
dependencies = [
 "proc-macro2 1.0.12 (registry+https://github.com/rust-lang/crates.io-index)",
 "quote 1.0.4 (registry+https://github.com/rust-lang/crates.io-index)",
 "unicode-xid 0.2.0 (registry+https://github.com/rust-lang/crates.io-index)",
]

[[package]]
name = "textwrap"
version = "0.11.0"
source = "registry+https://github.com/rust-lang/crates.io-index"
dependencies = [
 "unicode-width 0.1.7 (registry+https://github.com/rust-lang/crates.io-index)",
]

[[package]]
name = "unicode-width"
version = "0.1.7"
source = "registry+https://github.com/rust-lang/crates.io-index"

[[package]]
name = "unicode-xid"
version = "0.2.0"
source = "registry+https://github.com/rust-lang/crates.io-index"

[[package]]
name = "yaml-rust"
version = "0.4.3"
source = "registry+https://github.com/rust-lang/crates.io-index"
dependencies = [
 "linked-hash-map 0.5.3 (registry+https://github.com/rust-lang/crates.io-index)",
]

[metadata]
"checksum bitflags 1.2.1 (registry+https://github.com/rust-lang/crates.io-index)" = "cf1de2fe8c75bc145a2f577add951f8134889b4795d47466a54a5c846d691693"
"checksum clap 2.33.0 (registry+https://github.com/rust-lang/crates.io-index)" = "5067f5bb2d80ef5d68b4c87db81601f0b75bca627bc2ef76b141d7b846a3c6d9"
"checksum dtoa 0.4.5 (registry+https://github.com/rust-lang/crates.io-index)" = "4358a9e11b9a09cf52383b451b49a169e8d797b68aa02301ff586d70d9661ea3"
"checksum itoa 0.4.5 (registry+https://github.com/rust-lang/crates.io-index)" = "b8b7a7c0c47db5545ed3fef7468ee7bb5b74691498139e4b3f6a20685dc6dd8e"
"checksum linked-hash-map 0.5.3 (registry+https://github.com/rust-lang/crates.io-index)" = "8dd5a6d5999d9907cda8ed67bbd137d3af8085216c2ac62de5be860bd41f304a"
"checksum proc-macro2 1.0.12 (registry+https://github.com/rust-lang/crates.io-index)" = "8872cf6f48eee44265156c111456a700ab3483686b3f96df4cf5481c89157319"
"checksum quote 1.0.4 (registry+https://github.com/rust-lang/crates.io-index)" = "4c1f4b0efa5fc5e8ceb705136bfee52cfdb6a4e3509f770b478cd6ed434232a7"
"checksum ryu 1.0.4 (registry+https://github.com/rust-lang/crates.io-index)" = "ed3d612bc64430efeb3f7ee6ef26d590dce0c43249217bddc62112540c7941e1"
"checksum serde 1.0.110 (registry+https://github.com/rust-lang/crates.io-index)" = "99e7b308464d16b56eba9964e4972a3eee817760ab60d88c3f86e1fecb08204c"
"checksum serde_derive 1.0.110 (registry+https://github.com/rust-lang/crates.io-index)" = "818fbf6bfa9a42d3bfcaca148547aa00c7b915bec71d1757aa2d44ca68771984"
"checksum serde_json 1.0.53 (registry+https://github.com/rust-lang/crates.io-index)" = "993948e75b189211a9b31a7528f950c6adc21f9720b6438ff80a7fa2f864cea2"
"checksum serde_yaml 0.8.12 (registry+https://github.com/rust-lang/crates.io-index)" = "16c7a592a1ec97c9c1c68d75b6e537dcbf60c7618e038e7841e00af1d9ccf0c4"
"checksum syn 1.0.19 (registry+https://github.com/rust-lang/crates.io-index)" = "e8e5aa70697bb26ee62214ae3288465ecec0000f05182f039b477001f08f5ae7"
"checksum textwrap 0.11.0 (registry+https://github.com/rust-lang/crates.io-index)" = "d326610f408c7a4eb6f51c37c330e496b08506c9457c9d34287ecc38809fb060"
"checksum unicode-width 0.1.7 (registry+https://github.com/rust-lang/crates.io-index)" = "caaa9d531767d1ff2150b9332433f32a24622147e5ebb1f26409d5da67afd479"
"checksum unicode-xid 0.2.0 (registry+https://github.com/rust-lang/crates.io-index)" = "826e7639553986605ec5979c7dd957c7895e93eabed50ab2ffa7f6128a75097c"
"checksum yaml-rust 0.4.3 (registry+https://github.com/rust-lang/crates.io-index)" = "65923dd1784f44da1d2c3dbbc5e822045628c590ba72123e1c73d3c230c4434d"
